
Microsoft Visual Studio Solution File, Format Version 12.00
# Visual Studio 15
VisualStudioVersion = 15.0.28307.1259
MinimumVisualStudioVersion = 10.0.40219.1
Project("{8BC9CEB8-8B4A-11D0-8D11-00A0C91BC942}") = "HWp25", "HWp25\HWp25.vcxproj", "{B4418313-985C-4641-9D3D-87C25009EF44}"
EndProject
Global
	GlobalSection(SolutionConfigurationPlatforms) = preSolution
		Debug|x64 = Debug|x64
		Debug|x86 = Debug|x86
		Release|x64 = Release|x64
		Release|x86 = Release|x86
	EndGlobalSection
	GlobalSection(ProjectConfigurationPlatforms) = postSolution
		{B4418313-985C-4641-9D3D-87C25009EF44}.Debug|x64.ActiveCfg = Debug|x64
		{B4418313-985C-4641-9D3D-87C25009EF44}.Debug|x64.Build.0 = Debug|x64
		{B4418313-985C-4641-9D3D-87C25009EF44}.Debug|x86.ActiveCfg = Debug|Win32
		{B4418313-985C-4641-9D3D-87C25009EF44}.Debug|x86.Build.0 = Debug|Win32
		{B4418313-985C-4641-9D3D-87C25009EF44}.Release|x64.ActiveCfg = Release|x64
		{B4418313-985C-4641-9D3D-87C25009EF44}.Release|x64.Build.0 = Release|x64
		{B4418313-985C-4641-9D3D-87C25009EF44}.Release|x86.ActiveCfg = Release|Win32
		{B4418313-985C-4641-9D3D-87C25009EF44}.Release|x86.Build.0 = Release|Win32
	EndGlobalSection
	GlobalSection(SolutionProperties) = preSolution
		HideSolutionNode = FALSE
	EndGlobalSection
	GlobalSection(ExtensibilityGlobals) = postSolution
		SolutionGuid = {C470E8A0-D8D5-4F9C-A991-5F2347DBC44A}
	EndGlobalSection
EndGlobal
