
Microsoft Visual Studio Solution File, Format Version 12.00
# Visual Studio 15
VisualStudioVersion = 15.0.28307.1259
MinimumVisualStudioVersion = 10.0.40219.1
Project("{8BC9CEB8-8B4A-11D0-8D11-00A0C91BC942}") = "hw", "hw\hw.vcxproj", "{37218F3C-32B7-44CD-8F68-C7B8EB432757}"
EndProject
Global
	GlobalSection(SolutionConfigurationPlatforms) = preSolution
		Debug|x64 = Debug|x64
		Debug|x86 = Debug|x86
		Release|x64 = Release|x64
		Release|x86 = Release|x86
	EndGlobalSection
	GlobalSection(ProjectConfigurationPlatforms) = postSolution
		{37218F3C-32B7-44CD-8F68-C7B8EB432757}.Debug|x64.ActiveCfg = Debug|x64
		{37218F3C-32B7-44CD-8F68-C7B8EB432757}.Debug|x64.Build.0 = Debug|x64
		{37218F3C-32B7-44CD-8F68-C7B8EB432757}.Debug|x86.ActiveCfg = Debug|Win32
		{37218F3C-32B7-44CD-8F68-C7B8EB432757}.Debug|x86.Build.0 = Debug|Win32
		{37218F3C-32B7-44CD-8F68-C7B8EB432757}.Release|x64.ActiveCfg = Release|x64
		{37218F3C-32B7-44CD-8F68-C7B8EB432757}.Release|x64.Build.0 = Release|x64
		{37218F3C-32B7-44CD-8F68-C7B8EB432757}.Release|x86.ActiveCfg = Release|Win32
		{37218F3C-32B7-44CD-8F68-C7B8EB432757}.Release|x86.Build.0 = Release|Win32
	EndGlobalSection
	GlobalSection(SolutionProperties) = preSolution
		HideSolutionNode = FALSE
	EndGlobalSection
	GlobalSection(ExtensibilityGlobals) = postSolution
		SolutionGuid = {C3C9CBDD-359A-42FE-A394-301261BAF98B}
	EndGlobalSection
EndGlobal
