
Microsoft Visual Studio Solution File, Format Version 12.00
# Visual Studio 15
VisualStudioVersion = 15.0.28307.1259
MinimumVisualStudioVersion = 10.0.40219.1
Project("{8BC9CEB8-8B4A-11D0-8D11-00A0C91BC942}") = "hw", "hw\hw.vcxproj", "{125BCF9E-B7D9-4B6A-8045-B574B68C404B}"
EndProject
Global
	GlobalSection(SolutionConfigurationPlatforms) = preSolution
		Debug|x64 = Debug|x64
		Debug|x86 = Debug|x86
		Release|x64 = Release|x64
		Release|x86 = Release|x86
	EndGlobalSection
	GlobalSection(ProjectConfigurationPlatforms) = postSolution
		{125BCF9E-B7D9-4B6A-8045-B574B68C404B}.Debug|x64.ActiveCfg = Debug|x64
		{125BCF9E-B7D9-4B6A-8045-B574B68C404B}.Debug|x64.Build.0 = Debug|x64
		{125BCF9E-B7D9-4B6A-8045-B574B68C404B}.Debug|x86.ActiveCfg = Debug|Win32
		{125BCF9E-B7D9-4B6A-8045-B574B68C404B}.Debug|x86.Build.0 = Debug|Win32
		{125BCF9E-B7D9-4B6A-8045-B574B68C404B}.Release|x64.ActiveCfg = Release|x64
		{125BCF9E-B7D9-4B6A-8045-B574B68C404B}.Release|x64.Build.0 = Release|x64
		{125BCF9E-B7D9-4B6A-8045-B574B68C404B}.Release|x86.ActiveCfg = Release|Win32
		{125BCF9E-B7D9-4B6A-8045-B574B68C404B}.Release|x86.Build.0 = Release|Win32
	EndGlobalSection
	GlobalSection(SolutionProperties) = preSolution
		HideSolutionNode = FALSE
	EndGlobalSection
	GlobalSection(ExtensibilityGlobals) = postSolution
		SolutionGuid = {6651F414-BAE5-4B6A-AE3E-3E27C38BBBFE}
	EndGlobalSection
EndGlobal
